
Microsoft Visual Studio Solution File, Format Version 12.00
# Visual Studio Version 16
VisualStudioVersion = 16.0.32407.337
MinimumVisualStudioVersion = 10.0.40219.1
Project("{FAE04EC0-301F-11D3-BF4B-00C04F79EFBC}") = "Human_Machine_1", "Human_Machine_1\Human_Machine_1.csproj", "{A517A7A5-244A-46F6-95F2-CEE3E5AAE3D5}"
EndProject
Global
	GlobalSection(SolutionConfigurationPlatforms) = preSolution
		Debug|Any CPU = Debug|Any CPU
		Release|Any CPU = Release|Any CPU
	EndGlobalSection
	GlobalSection(ProjectConfigurationPlatforms) = postSolution
		{A517A7A5-244A-46F6-95F2-CEE3E5AAE3D5}.Debug|Any CPU.ActiveCfg = Debug|Any CPU
		{A517A7A5-244A-46F6-95F2-CEE3E5AAE3D5}.Debug|Any CPU.Build.0 = Debug|Any CPU
		{A517A7A5-244A-46F6-95F2-CEE3E5AAE3D5}.Release|Any CPU.ActiveCfg = Release|Any CPU
		{A517A7A5-244A-46F6-95F2-CEE3E5AAE3D5}.Release|Any CPU.Build.0 = Release|Any CPU
	EndGlobalSection
	GlobalSection(SolutionProperties) = preSolution
		HideSolutionNode = FALSE
	EndGlobalSection
	GlobalSection(ExtensibilityGlobals) = postSolution
		SolutionGuid = {51CD8E2C-B2C2-414B-8BE7-2E9A6D368311}
	EndGlobalSection
EndGlobal
